
Microsoft Visual Studio Solution File, Format Version 12.00
# Visual Studio Version 16
VisualStudioVersion = 16.0.30611.23
MinimumVisualStudioVersion = 10.0.40219.1
Project("{FAE04EC0-301F-11D3-BF4B-00C04F79EFBC}") = "SerwerTCP", "SerwerTCP\SerwerTCP.csproj", "{E3CCE4A0-93F6-419A-80EB-856C0A7E0DAE}"
EndProject
Project("{FAE04EC0-301F-11D3-BF4B-00C04F79EFBC}") = "KlasaSerwera", "KlasaSerwera\KlasaSerwera.csproj", "{9969A296-69D4-49F3-B4C1-8D7698D3E477}"
EndProject
Project("{FAE04EC0-301F-11D3-BF4B-00C04F79EFBC}") = "KlasaBD", "KlasaBD\KlasaBD.csproj", "{75F1658C-C12F-4921-A637-573D163A2092}"
EndProject
Project("{2150E333-8FDC-42A3-9474-1A3956D46DE8}") = "Solution Items", "Solution Items", "{12D364FB-9C00-4853-A586-B2160BE37C4F}"
	ProjectSection(SolutionItems) = preProject
		UnitTest\Tests.cs = UnitTest\Tests.cs
	EndProjectSection
EndProject
Global
	GlobalSection(SolutionConfigurationPlatforms) = preSolution
		Debug|Any CPU = Debug|Any CPU
		Release|Any CPU = Release|Any CPU
	EndGlobalSection
	GlobalSection(ProjectConfigurationPlatforms) = postSolution
		{E3CCE4A0-93F6-419A-80EB-856C0A7E0DAE}.Debug|Any CPU.ActiveCfg = Debug|Any CPU
		{E3CCE4A0-93F6-419A-80EB-856C0A7E0DAE}.Debug|Any CPU.Build.0 = Debug|Any CPU
		{E3CCE4A0-93F6-419A-80EB-856C0A7E0DAE}.Release|Any CPU.ActiveCfg = Release|Any CPU
		{E3CCE4A0-93F6-419A-80EB-856C0A7E0DAE}.Release|Any CPU.Build.0 = Release|Any CPU
		{9969A296-69D4-49F3-B4C1-8D7698D3E477}.Debug|Any CPU.ActiveCfg = Debug|Any CPU
		{9969A296-69D4-49F3-B4C1-8D7698D3E477}.Debug|Any CPU.Build.0 = Debug|Any CPU
		{9969A296-69D4-49F3-B4C1-8D7698D3E477}.Release|Any CPU.ActiveCfg = Release|Any CPU
		{9969A296-69D4-49F3-B4C1-8D7698D3E477}.Release|Any CPU.Build.0 = Release|Any CPU
		{75F1658C-C12F-4921-A637-573D163A2092}.Debug|Any CPU.ActiveCfg = Debug|Any CPU
		{75F1658C-C12F-4921-A637-573D163A2092}.Debug|Any CPU.Build.0 = Debug|Any CPU
		{75F1658C-C12F-4921-A637-573D163A2092}.Release|Any CPU.ActiveCfg = Release|Any CPU
		{75F1658C-C12F-4921-A637-573D163A2092}.Release|Any CPU.Build.0 = Release|Any CPU
	EndGlobalSection
	GlobalSection(SolutionProperties) = preSolution
		HideSolutionNode = FALSE
	EndGlobalSection
	GlobalSection(ExtensibilityGlobals) = postSolution
		SolutionGuid = {E0A5A954-2101-4369-B479-1F1836C1B9A6}
	EndGlobalSection
EndGlobal
